
Microsoft Visual Studio Solution File, Format Version 12.00
# Visual Studio 15
VisualStudioVersion = 15.0.27703.1
MinimumVisualStudioVersion = 10.0.40219.1
Project("{8BC9CEB8-8B4A-11D0-8D11-00A0C91BC942}") = "getLine输入字符串", "getLine输入字符串\getLine输入字符串.vcxproj", "{16AAA292-9CF0-431A-B7DA-19B7A6BCD688}"
EndProject
Global
	GlobalSection(SolutionConfigurationPlatforms) = preSolution
		Debug|x64 = Debug|x64
		Debug|x86 = Debug|x86
		Release|x64 = Release|x64
		Release|x86 = Release|x86
	EndGlobalSection
	GlobalSection(ProjectConfigurationPlatforms) = postSolution
		{16AAA292-9CF0-431A-B7DA-19B7A6BCD688}.Debug|x64.ActiveCfg = Debug|x64
		{16AAA292-9CF0-431A-B7DA-19B7A6BCD688}.Debug|x64.Build.0 = Debug|x64
		{16AAA292-9CF0-431A-B7DA-19B7A6BCD688}.Debug|x86.ActiveCfg = Debug|Win32
		{16AAA292-9CF0-431A-B7DA-19B7A6BCD688}.Debug|x86.Build.0 = Debug|Win32
		{16AAA292-9CF0-431A-B7DA-19B7A6BCD688}.Release|x64.ActiveCfg = Release|x64
		{16AAA292-9CF0-431A-B7DA-19B7A6BCD688}.Release|x64.Build.0 = Release|x64
		{16AAA292-9CF0-431A-B7DA-19B7A6BCD688}.Release|x86.ActiveCfg = Release|Win32
		{16AAA292-9CF0-431A-B7DA-19B7A6BCD688}.Release|x86.Build.0 = Release|Win32
	EndGlobalSection
	GlobalSection(SolutionProperties) = preSolution
		HideSolutionNode = FALSE
	EndGlobalSection
	GlobalSection(ExtensibilityGlobals) = postSolution
		SolutionGuid = {B8891AB0-6D75-4D6A-8622-295F4452469A}
	EndGlobalSection
EndGlobal
