
Microsoft Visual Studio Solution File, Format Version 12.00
# Visual Studio 15
VisualStudioVersion = 15.0.27703.1
MinimumVisualStudioVersion = 10.0.40219.1
Project("{8BC9CEB8-8B4A-11D0-8D11-00A0C91BC942}") = "函数对象10-13", "函数对象10-13\函数对象10-13.vcxproj", "{E9FB39EC-9CE5-4FCB-A7E1-6A9E5699ABEA}"
EndProject
Global
	GlobalSection(SolutionConfigurationPlatforms) = preSolution
		Debug|x64 = Debug|x64
		Debug|x86 = Debug|x86
		Release|x64 = Release|x64
		Release|x86 = Release|x86
	EndGlobalSection
	GlobalSection(ProjectConfigurationPlatforms) = postSolution
		{E9FB39EC-9CE5-4FCB-A7E1-6A9E5699ABEA}.Debug|x64.ActiveCfg = Debug|x64
		{E9FB39EC-9CE5-4FCB-A7E1-6A9E5699ABEA}.Debug|x64.Build.0 = Debug|x64
		{E9FB39EC-9CE5-4FCB-A7E1-6A9E5699ABEA}.Debug|x86.ActiveCfg = Debug|Win32
		{E9FB39EC-9CE5-4FCB-A7E1-6A9E5699ABEA}.Debug|x86.Build.0 = Debug|Win32
		{E9FB39EC-9CE5-4FCB-A7E1-6A9E5699ABEA}.Release|x64.ActiveCfg = Release|x64
		{E9FB39EC-9CE5-4FCB-A7E1-6A9E5699ABEA}.Release|x64.Build.0 = Release|x64
		{E9FB39EC-9CE5-4FCB-A7E1-6A9E5699ABEA}.Release|x86.ActiveCfg = Release|Win32
		{E9FB39EC-9CE5-4FCB-A7E1-6A9E5699ABEA}.Release|x86.Build.0 = Release|Win32
	EndGlobalSection
	GlobalSection(SolutionProperties) = preSolution
		HideSolutionNode = FALSE
	EndGlobalSection
	GlobalSection(ExtensibilityGlobals) = postSolution
		SolutionGuid = {AA13B97D-9FB0-4EC1-B4A7-B609676EBD6E}
	EndGlobalSection
EndGlobal
