
Microsoft Visual Studio Solution File, Format Version 12.00
# Visual Studio 15
VisualStudioVersion = 15.0.27703.1
MinimumVisualStudioVersion = 10.0.40219.1
Project("{8BC9CEB8-8B4A-11D0-8D11-00A0C91BC942}") = "成员函数适配器", "成员函数适配器\成员函数适配器.vcxproj", "{5756B2EC-9239-4E8C-8712-83EC466E532A}"
EndProject
Global
	GlobalSection(SolutionConfigurationPlatforms) = preSolution
		Debug|x64 = Debug|x64
		Debug|x86 = Debug|x86
		Release|x64 = Release|x64
		Release|x86 = Release|x86
	EndGlobalSection
	GlobalSection(ProjectConfigurationPlatforms) = postSolution
		{5756B2EC-9239-4E8C-8712-83EC466E532A}.Debug|x64.ActiveCfg = Debug|x64
		{5756B2EC-9239-4E8C-8712-83EC466E532A}.Debug|x64.Build.0 = Debug|x64
		{5756B2EC-9239-4E8C-8712-83EC466E532A}.Debug|x86.ActiveCfg = Debug|Win32
		{5756B2EC-9239-4E8C-8712-83EC466E532A}.Debug|x86.Build.0 = Debug|Win32
		{5756B2EC-9239-4E8C-8712-83EC466E532A}.Release|x64.ActiveCfg = Release|x64
		{5756B2EC-9239-4E8C-8712-83EC466E532A}.Release|x64.Build.0 = Release|x64
		{5756B2EC-9239-4E8C-8712-83EC466E532A}.Release|x86.ActiveCfg = Release|Win32
		{5756B2EC-9239-4E8C-8712-83EC466E532A}.Release|x86.Build.0 = Release|Win32
	EndGlobalSection
	GlobalSection(SolutionProperties) = preSolution
		HideSolutionNode = FALSE
	EndGlobalSection
	GlobalSection(ExtensibilityGlobals) = postSolution
		SolutionGuid = {A7BEA151-170A-4D9C-B7F4-E8B28E09DDD2}
	EndGlobalSection
EndGlobal
