
Microsoft Visual Studio Solution File, Format Version 12.00
# Visual Studio 15
VisualStudioVersion = 15.0.27428.2043
MinimumVisualStudioVersion = 10.0.40219.1
Project("{8BC9CEB8-8B4A-11D0-8D11-00A0C91BC942}") = "Time", "ConsoleApplication1\ConsoleApplication1.vcxproj", "{C12FDDA6-0D40-4C85-9D8C-130226F06FCC}"
EndProject
Global
	GlobalSection(SolutionConfigurationPlatforms) = preSolution
		Debug|x64 = Debug|x64
		Debug|x86 = Debug|x86
		Release|x64 = Release|x64
		Release|x86 = Release|x86
	EndGlobalSection
	GlobalSection(ProjectConfigurationPlatforms) = postSolution
		{C12FDDA6-0D40-4C85-9D8C-130226F06FCC}.Debug|x64.ActiveCfg = Debug|x64
		{C12FDDA6-0D40-4C85-9D8C-130226F06FCC}.Debug|x64.Build.0 = Debug|x64
		{C12FDDA6-0D40-4C85-9D8C-130226F06FCC}.Debug|x86.ActiveCfg = Debug|Win32
		{C12FDDA6-0D40-4C85-9D8C-130226F06FCC}.Debug|x86.Build.0 = Debug|Win32
		{C12FDDA6-0D40-4C85-9D8C-130226F06FCC}.Release|x64.ActiveCfg = Release|x64
		{C12FDDA6-0D40-4C85-9D8C-130226F06FCC}.Release|x64.Build.0 = Release|x64
		{C12FDDA6-0D40-4C85-9D8C-130226F06FCC}.Release|x86.ActiveCfg = Release|Win32
		{C12FDDA6-0D40-4C85-9D8C-130226F06FCC}.Release|x86.Build.0 = Release|Win32
	EndGlobalSection
	GlobalSection(SolutionProperties) = preSolution
		HideSolutionNode = FALSE
	EndGlobalSection
	GlobalSection(ExtensibilityGlobals) = postSolution
		SolutionGuid = {048D9901-D2AF-4E9F-AD6E-784D155EA9EC}
	EndGlobalSection
EndGlobal
